
Microsoft Visual Studio Solution File, Format Version 12.00
# Visual Studio 2013
VisualStudioVersion = 12.0.30723.0
MinimumVisualStudioVersion = 10.0.40219.1
Project("{FAE04EC0-301F-11D3-BF4B-00C04F79EFBC}") = "ShipTransportations.Model", "ShipTransporations.Model\ShipTransportations.Model.csproj", "{67C80A86-7453-43D3-BFB1-8AFC896CD665}"
EndProject
Project("{FAE04EC0-301F-11D3-BF4B-00C04F79EFBC}") = "ShipTransporations.Client", "ShipTransporations.Client\ShipTransporations.Client.csproj", "{B387848D-D85A-4F1F-B146-C501C001D6CB}"
	ProjectSection(ProjectDependencies) = postProject
		{67C80A86-7453-43D3-BFB1-8AFC896CD665} = {67C80A86-7453-43D3-BFB1-8AFC896CD665}
	EndProjectSection
EndProject
Global
	GlobalSection(SolutionConfigurationPlatforms) = preSolution
		Debug|Any CPU = Debug|Any CPU
		Release|Any CPU = Release|Any CPU
	EndGlobalSection
	GlobalSection(ProjectConfigurationPlatforms) = postSolution
		{67C80A86-7453-43D3-BFB1-8AFC896CD665}.Debug|Any CPU.ActiveCfg = Debug|Any CPU
		{67C80A86-7453-43D3-BFB1-8AFC896CD665}.Debug|Any CPU.Build.0 = Debug|Any CPU
		{67C80A86-7453-43D3-BFB1-8AFC896CD665}.Release|Any CPU.ActiveCfg = Release|Any CPU
		{67C80A86-7453-43D3-BFB1-8AFC896CD665}.Release|Any CPU.Build.0 = Release|Any CPU
		{B387848D-D85A-4F1F-B146-C501C001D6CB}.Debug|Any CPU.ActiveCfg = Debug|Any CPU
		{B387848D-D85A-4F1F-B146-C501C001D6CB}.Debug|Any CPU.Build.0 = Debug|Any CPU
		{B387848D-D85A-4F1F-B146-C501C001D6CB}.Release|Any CPU.ActiveCfg = Release|Any CPU
		{B387848D-D85A-4F1F-B146-C501C001D6CB}.Release|Any CPU.Build.0 = Release|Any CPU
	EndGlobalSection
	GlobalSection(SolutionProperties) = preSolution
		HideSolutionNode = FALSE
	EndGlobalSection
EndGlobal
